
Microsoft Visual Studio Solution File, Format Version 12.00
# Visual Studio Version 17
VisualStudioVersion = 17.5.002.0
MinimumVisualStudioVersion = 10.0.40219.1
Project("{9A19103F-16F7-4668-BE54-9A1E7A4F7556}") = "hoistmt", "hoistmt.csproj", "{384F345C-69F7-44A6-AC31-E85B2ED420E0}"
EndProject
Global
	GlobalSection(SolutionConfigurationPlatforms) = preSolution
		Debug|Any CPU = Debug|Any CPU
		Release|Any CPU = Release|Any CPU
	EndGlobalSection
	GlobalSection(ProjectConfigurationPlatforms) = postSolution
		{384F345C-69F7-44A6-AC31-E85B2ED420E0}.Debug|Any CPU.ActiveCfg = Debug|Any CPU
		{384F345C-69F7-44A6-AC31-E85B2ED420E0}.Debug|Any CPU.Build.0 = Debug|Any CPU
		{384F345C-69F7-44A6-AC31-E85B2ED420E0}.Release|Any CPU.ActiveCfg = Release|Any CPU
		{384F345C-69F7-44A6-AC31-E85B2ED420E0}.Release|Any CPU.Build.0 = Release|Any CPU
	EndGlobalSection
	GlobalSection(SolutionProperties) = preSolution
		HideSolutionNode = FALSE
	EndGlobalSection
	GlobalSection(ExtensibilityGlobals) = postSolution
		SolutionGuid = {CF34C943-3301-46D1-9D06-4908ADE50C98}
	EndGlobalSection
EndGlobal
